{
  "name": "loadtec-slidev",
  "lockfileVersion": 3,
  "requires": true,
  "packages": {
    "": {
      "name": "loadtec-slidev",
      "dependencies": {
        "@slidev/cli": "^52.18.0",
        "@slidev/theme-default": "npm:@slidev/theme-default@latest",
        "@slidev/theme-seriph": "npm:@slidev/theme-seriph@latest",
        "vue": "^3.4.0"
      },
      "engines": {
        "node": ">=18.0.0"
      }
    }
  }
}
